// !$*UTF8*$!
{archiveVersion = 1; classes = {}; objectVersion = 56; objects = {
3AA6040084A6950CB49BEEAE = { isa = PBXFileReference; lastKnownFileType = "sourcecode.swift"; path = "BenchBridge/BenchBridgeApp.swift"; sourceTree = "<group>"; };
7644A05A41F84246E2F02F74 = { isa = PBXBuildFile; fileRef = 3AA6040084A6950CB49BEEAE; };
9735239567A29AA71754257C = { isa = PBXFileReference; lastKnownFileType = "sourcecode.swift"; path = "BenchBridge/BenchModel.swift"; sourceTree = "<group>"; };
BF37E27FB82E4A656E92FDB5 = { isa = PBXBuildFile; fileRef = 9735239567A29AA71754257C; };
A675713807A2DA6EA4F1DF5D = { isa = PBXFileReference; lastKnownFileType = "sourcecode.swift"; path = "BenchBridge/BenchWorker.swift"; sourceTree = "<group>"; };
0483C034C2A6D83BD1160CB1 = { isa = PBXBuildFile; fileRef = A675713807A2DA6EA4F1DF5D; };
49A0294277F5B9700B7C1C41 = { isa = PBXFileReference; lastKnownFileType = "sourcecode.swift"; path = "BenchBridge/DeviceInfo.swift"; sourceTree = "<group>"; };
453D273D6271BD71B4CAC75B = { isa = PBXBuildFile; fileRef = 49A0294277F5B9700B7C1C41; };
C501CAA613A0D03BFADDD094 = { isa = PBXFileReference; lastKnownFileType = "sourcecode.swift"; path = "BenchBridge/MetalRunner.swift"; sourceTree = "<group>"; };
43595788B3E4A7538EBD7C1B = { isa = PBXBuildFile; fileRef = C501CAA613A0D03BFADDD094; };
E28E14781422C15B934AE197 = { isa = PBXFileReference; lastKnownFileType = "sourcecode.swift"; path = "BenchBridge/Models.swift"; sourceTree = "<group>"; };
70F3E573A2998464DDAAC0FC = { isa = PBXBuildFile; fileRef = E28E14781422C15B934AE197; };
A1B49897ED9F57B33462759D = { isa = PBXFileReference; lastKnownFileType = "sourcecode.swift"; path = "BenchBridge/ReportStore.swift"; sourceTree = "<group>"; };
FD011FFF09841C7B72008E96 = { isa = PBXBuildFile; fileRef = A1B49897ED9F57B33462759D; };
14085F51B458EB857A960B04 = { isa = PBXFileReference; lastKnownFileType = "sourcecode.swift"; path = "BenchBridge/Views.swift"; sourceTree = "<group>"; };
777D7009BE3232C17B098211 = { isa = PBXBuildFile; fileRef = 14085F51B458EB857A960B04; };
AE5C19393D19FD177BBDFD13 = { isa = PBXFileReference; lastKnownFileType = "sourcecode.cpp.cpp"; path = "Native/BenchCore.cpp"; sourceTree = "<group>"; };
C896F6BA0F8B1ADA3933E6AF = { isa = PBXBuildFile; fileRef = AE5C19393D19FD177BBDFD13; };
7B680F848EA4BA9231AA60D8 = { isa = PBXFileReference; lastKnownFileType = "sourcecode.cpp.cpp"; path = "Native/SharedKernels.cpp"; sourceTree = "<group>"; };
86AE454EF8ABAC5D9602B974 = { isa = PBXBuildFile; fileRef = 7B680F848EA4BA9231AA60D8; };
A0158168723F21CC4885CD5F = { isa = PBXFileReference; lastKnownFileType = "sourcecode.cpp.cpp"; path = "Native/SharedCompute.cpp"; sourceTree = "<group>"; };
7C9DD16406F6B0241267E2DE = { isa = PBXBuildFile; fileRef = A0158168723F21CC4885CD5F; };
AB0D6E986BA93CE06262F6CE = { isa = PBXFileReference; lastKnownFileType = "sourcecode.metal"; path = "BenchBridge/BenchKernels.metal"; sourceTree = "<group>"; };
AA26EEE66667420F67A1C9CB = { isa = PBXBuildFile; fileRef = AB0D6E986BA93CE06262F6CE; };
DD6AF9650B4645E7A4CADED3 = { isa = PBXFileReference; lastKnownFileType = "text.plist.xml"; path = "BenchBridge/Info.plist"; sourceTree = "<group>"; };
4696EDCCFF349D997EA95F72 = { isa = PBXFileReference; lastKnownFileType = "text.xml"; path = "BenchBridge/PrivacyInfo.xcprivacy"; sourceTree = "<group>"; };
B34FE02B05933CDF48354BD2 = { isa = PBXBuildFile; fileRef = 4696EDCCFF349D997EA95F72; };
BE846026806FAF925D3CC0D4 = { isa = PBXFileReference; lastKnownFileType = "folder.assetcatalog"; path = "BenchBridge/Assets.xcassets"; sourceTree = "<group>"; };
1E79487E5E224F604F2D1017 = { isa = PBXBuildFile; fileRef = BE846026806FAF925D3CC0D4; };
F8C8CBBBD1BC773C0DBDF596 = { isa = PBXGroup; name = "BenchBridge"; children = (3AA6040084A6950CB49BEEAE,9735239567A29AA71754257C,A675713807A2DA6EA4F1DF5D,49A0294277F5B9700B7C1C41,C501CAA613A0D03BFADDD094,E28E14781422C15B934AE197,A1B49897ED9F57B33462759D,14085F51B458EB857A960B04,AE5C19393D19FD177BBDFD13,7B680F848EA4BA9231AA60D8,A0158168723F21CC4885CD5F,AB0D6E986BA93CE06262F6CE,DD6AF9650B4645E7A4CADED3,4696EDCCFF349D997EA95F72,BE846026806FAF925D3CC0D4,); sourceTree = "<group>"; };
9653BFBED1B201A5FAEC5D23 = { isa = PBXFileReference; explicitFileType = "wrapper.application"; includeInIndex = 0; path = "BenchBridge.app"; sourceTree = BUILT_PRODUCTS_DIR; };
B86E7973B5E979AC256C8B13 = { isa = PBXSourcesBuildPhase; buildActionMask = 2147483647; files = (7644A05A41F84246E2F02F74,BF37E27FB82E4A656E92FDB5,0483C034C2A6D83BD1160CB1,453D273D6271BD71B4CAC75B,43595788B3E4A7538EBD7C1B,70F3E573A2998464DDAAC0FC,FD011FFF09841C7B72008E96,777D7009BE3232C17B098211,C896F6BA0F8B1ADA3933E6AF,86AE454EF8ABAC5D9602B974,7C9DD16406F6B0241267E2DE,AA26EEE66667420F67A1C9CB,); runOnlyForDeploymentPostprocessing = 0; };
7DE50102080A396ED592C0FA = { isa = PBXFrameworksBuildPhase; buildActionMask = 2147483647; files = (); runOnlyForDeploymentPostprocessing = 0; };
6EF1F17BC76888BCC114FE79 = { isa = PBXResourcesBuildPhase; buildActionMask = 2147483647; files = (B34FE02B05933CDF48354BD2,1E79487E5E224F604F2D1017,); runOnlyForDeploymentPostprocessing = 0; };
29B2341821D15F8EE6864593 = { isa = XCBuildConfiguration; name = Debug; buildSettings = {IPHONEOS_DEPLOYMENT_TARGET = "18.0";SDKROOT = "iphoneos";TARGETED_DEVICE_FAMILY = "1,2";SWIFT_VERSION = "5.0";CLANG_CXX_LANGUAGE_STANDARD = "c++20";CLANG_CXX_LIBRARY = "libc++";CLANG_ENABLE_MODULES = "YES";CLANG_ENABLE_OBJC_ARC = "YES";GCC_SYMBOLS_PRIVATE_EXTERN = "NO";ENABLE_TESTABILITY = "YES";MTL_FAST_MATH = "NO";SWIFT_STRICT_CONCURRENCY = "targeted";GCC_OPTIMIZATION_LEVEL = "3";SWIFT_OPTIMIZATION_LEVEL = "-O";DEBUG_INFORMATION_FORMAT = "dwarf-with-dsym";CODE_SIGN_STYLE = "Automatic";SUPPORTED_PLATFORMS = "iphoneos iphonesimulator";SUPPORTS_MACCATALYST = "NO";PRODUCT_NAME = "BenchBridge";PRODUCT_BUNDLE_IDENTIFIER = "io.benchbridge.ios";INFOPLIST_FILE = "BenchBridge/Info.plist";ASSETCATALOG_COMPILER_APPICON_NAME = "AppIcon";SWIFT_OBJC_BRIDGING_HEADER = "BenchBridge/BenchBridge-Bridging-Header.h";HEADER_SEARCH_PATHS = ("$(inherited)","$(SRCROOT)/Native",);OTHER_CPLUSPLUSFLAGS = ("$(inherited)","-fno-lto",);LD_RUNPATH_SEARCH_PATHS = ("$(inherited)","@executable_path/Frameworks",);SWIFT_ACTIVE_COMPILATION_CONDITIONS = "DEBUG";}; };
D399DC5D34939C93F3ED8DB8 = { isa = XCBuildConfiguration; name = Release; buildSettings = {IPHONEOS_DEPLOYMENT_TARGET = "18.0";SDKROOT = "iphoneos";TARGETED_DEVICE_FAMILY = "1,2";SWIFT_VERSION = "5.0";CLANG_CXX_LANGUAGE_STANDARD = "c++20";CLANG_CXX_LIBRARY = "libc++";CLANG_ENABLE_MODULES = "YES";CLANG_ENABLE_OBJC_ARC = "YES";GCC_SYMBOLS_PRIVATE_EXTERN = "NO";ENABLE_TESTABILITY = "YES";MTL_FAST_MATH = "NO";SWIFT_STRICT_CONCURRENCY = "targeted";GCC_OPTIMIZATION_LEVEL = "3";SWIFT_OPTIMIZATION_LEVEL = "-O";DEBUG_INFORMATION_FORMAT = "dwarf-with-dsym";CODE_SIGN_STYLE = "Automatic";SUPPORTED_PLATFORMS = "iphoneos iphonesimulator";SUPPORTS_MACCATALYST = "NO";PRODUCT_NAME = "BenchBridge";PRODUCT_BUNDLE_IDENTIFIER = "io.benchbridge.ios";INFOPLIST_FILE = "BenchBridge/Info.plist";ASSETCATALOG_COMPILER_APPICON_NAME = "AppIcon";SWIFT_OBJC_BRIDGING_HEADER = "BenchBridge/BenchBridge-Bridging-Header.h";HEADER_SEARCH_PATHS = ("$(inherited)","$(SRCROOT)/Native",);OTHER_CPLUSPLUSFLAGS = ("$(inherited)","-fno-lto",);LD_RUNPATH_SEARCH_PATHS = ("$(inherited)","@executable_path/Frameworks",);}; };
C77C3403E103D1D7CA766203 = { isa = XCConfigurationList; buildConfigurations = (29B2341821D15F8EE6864593,D399DC5D34939C93F3ED8DB8,); defaultConfigurationIsVisible = 0; defaultConfigurationName = Release; };
BB60B4D8435797EC9E65782A = { isa = PBXNativeTarget; buildConfigurationList = C77C3403E103D1D7CA766203; buildPhases = (B86E7973B5E979AC256C8B13,7DE50102080A396ED592C0FA,6EF1F17BC76888BCC114FE79,); buildRules = (); dependencies = (); name = "BenchBridge"; productName = "BenchBridge"; productReference = 9653BFBED1B201A5FAEC5D23; productType = "com.apple.product-type.application"; };
FA975C3A18CC61A5A3959276 = { isa = PBXFileReference; lastKnownFileType = "sourcecode.swift"; path = "BenchBridgeTests/BenchBridgeTests.swift"; sourceTree = "<group>"; };
FF2B392C4A605DD03E51C035 = { isa = PBXBuildFile; fileRef = FA975C3A18CC61A5A3959276; };
132F8E3E9700BBD178821CF9 = { isa = PBXGroup; name = "BenchBridgeTests"; children = (FA975C3A18CC61A5A3959276,); sourceTree = "<group>"; };
E38D19AF156CEC4A0784B8C8 = { isa = PBXFileReference; explicitFileType = "wrapper.cfbundle"; includeInIndex = 0; path = "BenchBridgeTests.xctest"; sourceTree = BUILT_PRODUCTS_DIR; };
71BB2A9DDF0E11A7D068F5CE = { isa = PBXSourcesBuildPhase; buildActionMask = 2147483647; files = (FF2B392C4A605DD03E51C035,); runOnlyForDeploymentPostprocessing = 0; };
CFFC96736393D55F0F30B49A = { isa = PBXFrameworksBuildPhase; buildActionMask = 2147483647; files = (); runOnlyForDeploymentPostprocessing = 0; };
37404F72FA9D36E31B914FF7 = { isa = PBXResourcesBuildPhase; buildActionMask = 2147483647; files = (); runOnlyForDeploymentPostprocessing = 0; };
519DA27AA9EBC7227772161A = { isa = XCBuildConfiguration; name = Debug; buildSettings = {IPHONEOS_DEPLOYMENT_TARGET = "18.0";SDKROOT = "iphoneos";TARGETED_DEVICE_FAMILY = "1,2";SWIFT_VERSION = "5.0";CLANG_CXX_LANGUAGE_STANDARD = "c++20";CLANG_CXX_LIBRARY = "libc++";CLANG_ENABLE_MODULES = "YES";CLANG_ENABLE_OBJC_ARC = "YES";GCC_SYMBOLS_PRIVATE_EXTERN = "NO";ENABLE_TESTABILITY = "YES";MTL_FAST_MATH = "NO";SWIFT_STRICT_CONCURRENCY = "targeted";GCC_OPTIMIZATION_LEVEL = "3";SWIFT_OPTIMIZATION_LEVEL = "-O";DEBUG_INFORMATION_FORMAT = "dwarf-with-dsym";CODE_SIGN_STYLE = "Automatic";SUPPORTED_PLATFORMS = "iphoneos iphonesimulator";SUPPORTS_MACCATALYST = "NO";PRODUCT_NAME = "BenchBridgeTests";PRODUCT_BUNDLE_IDENTIFIER = "io.benchbridge.ios.benchbridgetests";GENERATE_INFOPLIST_FILE = "YES";LD_RUNPATH_SEARCH_PATHS = ("$(inherited)","@executable_path/Frameworks","@loader_path/Frameworks",);TEST_HOST = "$(BUILT_PRODUCTS_DIR)/BenchBridge.app/BenchBridge";BUNDLE_LOADER = "$(TEST_HOST)";SWIFT_OBJC_BRIDGING_HEADER = "BenchBridge/BenchBridge-Bridging-Header.h";HEADER_SEARCH_PATHS = ("$(inherited)","$(SRCROOT)/Native",);SWIFT_ACTIVE_COMPILATION_CONDITIONS = "DEBUG";}; };
84BE4495FB439F4FFB91F0CF = { isa = XCBuildConfiguration; name = Release; buildSettings = {IPHONEOS_DEPLOYMENT_TARGET = "18.0";SDKROOT = "iphoneos";TARGETED_DEVICE_FAMILY = "1,2";SWIFT_VERSION = "5.0";CLANG_CXX_LANGUAGE_STANDARD = "c++20";CLANG_CXX_LIBRARY = "libc++";CLANG_ENABLE_MODULES = "YES";CLANG_ENABLE_OBJC_ARC = "YES";GCC_SYMBOLS_PRIVATE_EXTERN = "NO";ENABLE_TESTABILITY = "YES";MTL_FAST_MATH = "NO";SWIFT_STRICT_CONCURRENCY = "targeted";GCC_OPTIMIZATION_LEVEL = "3";SWIFT_OPTIMIZATION_LEVEL = "-O";DEBUG_INFORMATION_FORMAT = "dwarf-with-dsym";CODE_SIGN_STYLE = "Automatic";SUPPORTED_PLATFORMS = "iphoneos iphonesimulator";SUPPORTS_MACCATALYST = "NO";PRODUCT_NAME = "BenchBridgeTests";PRODUCT_BUNDLE_IDENTIFIER = "io.benchbridge.ios.benchbridgetests";GENERATE_INFOPLIST_FILE = "YES";LD_RUNPATH_SEARCH_PATHS = ("$(inherited)","@executable_path/Frameworks","@loader_path/Frameworks",);TEST_HOST = "$(BUILT_PRODUCTS_DIR)/BenchBridge.app/BenchBridge";BUNDLE_LOADER = "$(TEST_HOST)";SWIFT_OBJC_BRIDGING_HEADER = "BenchBridge/BenchBridge-Bridging-Header.h";HEADER_SEARCH_PATHS = ("$(inherited)","$(SRCROOT)/Native",);}; };
54C370899CF13089BEB8A294 = { isa = XCConfigurationList; buildConfigurations = (519DA27AA9EBC7227772161A,84BE4495FB439F4FFB91F0CF,); defaultConfigurationIsVisible = 0; defaultConfigurationName = Release; };
E14A0284B504C3E5FABAE504 = { isa = PBXContainerItemProxy; containerPortal = 244210E48437B6556980A702; proxyType = 1; remoteGlobalIDString = BB60B4D8435797EC9E65782A; remoteInfo = BenchBridge; };
3A2BBCFBACD217BBB2165618 = { isa = PBXTargetDependency; target = BB60B4D8435797EC9E65782A; targetProxy = E14A0284B504C3E5FABAE504; };
502E4F53F6CFDCAF2384D0F1 = { isa = PBXNativeTarget; buildConfigurationList = 54C370899CF13089BEB8A294; buildPhases = (71BB2A9DDF0E11A7D068F5CE,CFFC96736393D55F0F30B49A,37404F72FA9D36E31B914FF7,); buildRules = (); dependencies = (3A2BBCFBACD217BBB2165618,); name = "BenchBridgeTests"; productName = "BenchBridgeTests"; productReference = E38D19AF156CEC4A0784B8C8; productType = "com.apple.product-type.bundle.unit-test"; };
2D2760F758F8F838B6B7D9D9 = { isa = PBXFileReference; lastKnownFileType = "sourcecode.swift"; path = "BenchBridgeUITests/BenchBridgeUITests.swift"; sourceTree = "<group>"; };
E32320DE544C4D01A9FB2894 = { isa = PBXBuildFile; fileRef = 2D2760F758F8F838B6B7D9D9; };
60058EFAD038C126EC0824FA = { isa = PBXGroup; name = "BenchBridgeUITests"; children = (2D2760F758F8F838B6B7D9D9,); sourceTree = "<group>"; };
F4E68293DEA114AE6CA9051D = { isa = PBXFileReference; explicitFileType = "wrapper.cfbundle"; includeInIndex = 0; path = "BenchBridgeUITests.xctest"; sourceTree = BUILT_PRODUCTS_DIR; };
C87BEA5545C214CA1F444ACE = { isa = PBXSourcesBuildPhase; buildActionMask = 2147483647; files = (E32320DE544C4D01A9FB2894,); runOnlyForDeploymentPostprocessing = 0; };
2FCB8FC6F78F242F5C1CF131 = { isa = PBXFrameworksBuildPhase; buildActionMask = 2147483647; files = (); runOnlyForDeploymentPostprocessing = 0; };
AC9F3EC1648CC6C5927AA9E7 = { isa = PBXResourcesBuildPhase; buildActionMask = 2147483647; files = (); runOnlyForDeploymentPostprocessing = 0; };
2F7594ED0DF39196364100C7 = { isa = XCBuildConfiguration; name = Debug; buildSettings = {IPHONEOS_DEPLOYMENT_TARGET = "18.0";SDKROOT = "iphoneos";TARGETED_DEVICE_FAMILY = "1,2";SWIFT_VERSION = "5.0";CLANG_CXX_LANGUAGE_STANDARD = "c++20";CLANG_CXX_LIBRARY = "libc++";CLANG_ENABLE_MODULES = "YES";CLANG_ENABLE_OBJC_ARC = "YES";GCC_SYMBOLS_PRIVATE_EXTERN = "NO";ENABLE_TESTABILITY = "YES";MTL_FAST_MATH = "NO";SWIFT_STRICT_CONCURRENCY = "targeted";GCC_OPTIMIZATION_LEVEL = "3";SWIFT_OPTIMIZATION_LEVEL = "-O";DEBUG_INFORMATION_FORMAT = "dwarf-with-dsym";CODE_SIGN_STYLE = "Automatic";SUPPORTED_PLATFORMS = "iphoneos iphonesimulator";SUPPORTS_MACCATALYST = "NO";PRODUCT_NAME = "BenchBridgeUITests";PRODUCT_BUNDLE_IDENTIFIER = "io.benchbridge.ios.benchbridgeuitests";GENERATE_INFOPLIST_FILE = "YES";LD_RUNPATH_SEARCH_PATHS = ("$(inherited)","@executable_path/Frameworks","@loader_path/Frameworks",);TEST_TARGET_NAME = "BenchBridge";SWIFT_ACTIVE_COMPILATION_CONDITIONS = "DEBUG";}; };
B1F9C40D1F116A3A1D33E16A = { isa = XCBuildConfiguration; name = Release; buildSettings = {IPHONEOS_DEPLOYMENT_TARGET = "18.0";SDKROOT = "iphoneos";TARGETED_DEVICE_FAMILY = "1,2";SWIFT_VERSION = "5.0";CLANG_CXX_LANGUAGE_STANDARD = "c++20";CLANG_CXX_LIBRARY = "libc++";CLANG_ENABLE_MODULES = "YES";CLANG_ENABLE_OBJC_ARC = "YES";GCC_SYMBOLS_PRIVATE_EXTERN = "NO";ENABLE_TESTABILITY = "YES";MTL_FAST_MATH = "NO";SWIFT_STRICT_CONCURRENCY = "targeted";GCC_OPTIMIZATION_LEVEL = "3";SWIFT_OPTIMIZATION_LEVEL = "-O";DEBUG_INFORMATION_FORMAT = "dwarf-with-dsym";CODE_SIGN_STYLE = "Automatic";SUPPORTED_PLATFORMS = "iphoneos iphonesimulator";SUPPORTS_MACCATALYST = "NO";PRODUCT_NAME = "BenchBridgeUITests";PRODUCT_BUNDLE_IDENTIFIER = "io.benchbridge.ios.benchbridgeuitests";GENERATE_INFOPLIST_FILE = "YES";LD_RUNPATH_SEARCH_PATHS = ("$(inherited)","@executable_path/Frameworks","@loader_path/Frameworks",);TEST_TARGET_NAME = "BenchBridge";}; };
160CD8B64750DE085E400FDB = { isa = XCConfigurationList; buildConfigurations = (2F7594ED0DF39196364100C7,B1F9C40D1F116A3A1D33E16A,); defaultConfigurationIsVisible = 0; defaultConfigurationName = Release; };
CBC72F94C11179DC7EFC5B2D = { isa = PBXContainerItemProxy; containerPortal = 244210E48437B6556980A702; proxyType = 1; remoteGlobalIDString = BB60B4D8435797EC9E65782A; remoteInfo = BenchBridge; };
EC29EC5AA2D3845B21723419 = { isa = PBXTargetDependency; target = BB60B4D8435797EC9E65782A; targetProxy = CBC72F94C11179DC7EFC5B2D; };
67F92B2555D4A19F24B70A63 = { isa = PBXNativeTarget; buildConfigurationList = 160CD8B64750DE085E400FDB; buildPhases = (C87BEA5545C214CA1F444ACE,2FCB8FC6F78F242F5C1CF131,AC9F3EC1648CC6C5927AA9E7,); buildRules = (); dependencies = (EC29EC5AA2D3845B21723419,); name = "BenchBridgeUITests"; productName = "BenchBridgeUITests"; productReference = F4E68293DEA114AE6CA9051D; productType = "com.apple.product-type.bundle.ui-testing"; };
0A3E27B8CA818264D75C8D81 = { isa = PBXGroup; name = Products; children = (9653BFBED1B201A5FAEC5D23,E38D19AF156CEC4A0784B8C8,F4E68293DEA114AE6CA9051D,); sourceTree = "<group>"; };
0D6E4079E36703EBD37C0072 = { isa = PBXGroup; children = (F8C8CBBBD1BC773C0DBDF596,132F8E3E9700BBD178821CF9,60058EFAD038C126EC0824FA,0A3E27B8CA818264D75C8D81,); sourceTree = "<group>"; };
3CCE7051BAA1B8E65CDEECD3 = { isa = XCBuildConfiguration; name = Debug; buildSettings = {}; };
EB9B6A82A6FECD10C0E43155 = { isa = XCBuildConfiguration; name = Release; buildSettings = {}; };
76F8DEC3DFE0BDB465198890 = { isa = XCConfigurationList; buildConfigurations = (3CCE7051BAA1B8E65CDEECD3,EB9B6A82A6FECD10C0E43155,); defaultConfigurationIsVisible = 0; defaultConfigurationName = Release; };
244210E48437B6556980A702 = { isa = PBXProject; attributes = { LastUpgradeCheck = 1600; }; buildConfigurationList = 76F8DEC3DFE0BDB465198890; compatibilityVersion = "Xcode 14.0"; developmentRegion = zh-Hans; hasScannedForEncodings = 0; knownRegions = (en,Base,"zh-Hans"); mainGroup = 0D6E4079E36703EBD37C0072; productRefGroup = 0A3E27B8CA818264D75C8D81; projectDirPath = ""; projectRoot = ""; targets = (BB60B4D8435797EC9E65782A,502E4F53F6CFDCAF2384D0F1,67F92B2555D4A19F24B70A63,); };
}; rootObject = 244210E48437B6556980A702;}
